<?xml version="1.0" encoding="utf-8"?>
<Project ToolsVersion="4.0" xmlns="http://schemas.microsoft.com/developer/msbuild/2003">
  <ItemGroup>
    <ClCompile Include="Render\Camera.cpp">
      <Filter>Render</Filter>
    </ClCompile>
    <ClCompile Include="Render\Render.cpp">
      <Filter>Render</Filter>
    </ClCompile>
    <ClCompile Include="RenderUtils.cpp" />
    <ClCompile Include="main.cpp" />
    <ClCompile Include="callbacks.cpp" />
    <ClCompile Include="Objetos\Particle.cpp" />
    <ClCompile Include="Objetos\Proyectil.cpp" />
    <ClCompile Include="Systems\ParticleSys.cpp" />
    <ClCompile Include="Systems\ParticleGenerator.cpp" />
    <ClCompile Include="Objetos\Firework.cpp" />
    <ClCompile Include="Force\GravityForceGenerator.cpp" />
    <ClCompile Include="Force\ForceGenarator.cpp" />
    <ClCompile Include="Force\ParticleForceRegistry.cpp" />
    <ClCompile Include="Force\ParticleDragGenerator.cpp" />
    <ClCompile Include="Force\ExplosionGenerator.cpp" />
    <ClCompile Include="Muelles\SpringForceGenerator.cpp" />
    <ClCompile Include="Muelles\AnchoredSpringFG.cpp" />
    <ClCompile Include="Force\BuoyancyForceGenerator.cpp" />
    <ClCompile Include="Scene.cpp" />
    <ClCompile Include="Objetos\Enemies.cpp" />
    <ClCompile Include="WorldManager\WorldManager.cpp" />
    <ClCompile Include="WorldManager\ParticleRigid.cpp" />
    <ClCompile Include="WorldManager\ParticleRigidGenerator.cpp" />
  </ItemGroup>
  <ItemGroup>
    <ClInclude Include="core.hpp" />
    <ClInclude Include="Render\Camera.h">
      <Filter>Render</Filter>
    </ClInclude>
    <ClInclude Include="Render\Render.h">
      <Filter>Render</Filter>
    </ClInclude>
    <ClInclude Include="RenderUtils.hpp" />
    <ClInclude Include="callbacks.hpp" />
    <ClInclude Include="Objetos\Particle.h" />
    <ClInclude Include="Objetos\Proyectil.h" />
    <ClInclude Include="Systems\ParticleSys.h" />
    <ClInclude Include="Systems\ParticleGenerator.h" />
    <ClInclude Include="Objetos\Firework.h" />
    <ClInclude Include="Force\GravityForceGenerator.h" />
    <ClInclude Include="Force\ForceGenarator.h" />
    <ClInclude Include="Force\ParticleForceRegistry.h" />
    <ClInclude Include="Force\ParticleDragGenerator.h" />
    <ClInclude Include="Force\ExplosionGenerator.h" />
    <ClInclude Include="Muelles\SpringForceGenerator.h" />
    <ClInclude Include="Muelles\AnchoredSpringFG.h" />
    <ClInclude Include="Force\BuoyancyForceGenerator.h" />
    <ClInclude Include="Scene.h" />
    <ClInclude Include="Objetos\Enemies.h" />
    <ClInclude Include="WorldManager\WorldManager.h" />
    <ClInclude Include="WorldManager\ParticleRigid.h" />
    <ClInclude Include="WorldManager\ParticleRigidGenerator.h" />
  </ItemGroup>
  <ItemGroup>
    <Filter Include="Render">
      <UniqueIdentifier>{d04b4f9f-5a69-465e-8070-25c6d0bcd3c2}</UniqueIdentifier>
    </Filter>
  </ItemGroup>
</Project>